
Microsoft Visual Studio Solution File, Format Version 12.00
# Visual Studio Version 17
VisualStudioVersion = 17.8.34330.188
MinimumVisualStudioVersion = 10.0.40219.1
Project("{FAE04EC0-301F-11D3-BF4B-00C04F79EFBC}") = "AVI to MP4 Converter", "AVI to MP4 Converter.csproj", "{F4D010B4-5419-4C19-AF26-CC640012F060}"
EndProject
Global
	GlobalSection(SolutionConfigurationPlatforms) = preSolution
		Debug|Any CPU = Debug|Any CPU
		Release|Any CPU = Release|Any CPU
	EndGlobalSection
	GlobalSection(ProjectConfigurationPlatforms) = postSolution
		{F4D010B4-5419-4C19-AF26-CC640012F060}.Debug|Any CPU.ActiveCfg = Debug|Any CPU
		{F4D010B4-5419-4C19-AF26-CC640012F060}.Debug|Any CPU.Build.0 = Debug|Any CPU
		{F4D010B4-5419-4C19-AF26-CC640012F060}.Release|Any CPU.ActiveCfg = Release|Any CPU
		{F4D010B4-5419-4C19-AF26-CC640012F060}.Release|Any CPU.Build.0 = Release|Any CPU
	EndGlobalSection
	GlobalSection(SolutionProperties) = preSolution
		HideSolutionNode = FALSE
	EndGlobalSection
	GlobalSection(ExtensibilityGlobals) = postSolution
		SolutionGuid = {3286DD63-A52C-451E-89C7-8BBE9584E73D}
	EndGlobalSection
EndGlobal
